github.com/chuccp/coke-log v0.0.0-20211224051055-236c63a98759 h1:s4+5uwwhxkidooRn0yCbG7cFXRigyXY+0Rrm/JksDWo=
github.com/chuccp/coke-log v0.0.0-20211224051055-236c63a98759/go.mod h1:vcmaA7lRRZ/bqD8y5B67/2+bsAsBj+Cs7A3dmyNDv6s=
github.com/chuccp/coke-log v0.0.0-20211224071330-408436f0f52c h1:ua9a6h4qHGZhuLsFZeu1IMWfoKDpDClpvkBORo4idKA=
github.com/chuccp/coke-log v0.0.0-20211224071330-408436f0f52c/go.mod h1:vcmaA7lRRZ/bqD8y5B67/2+bsAsBj+Cs7A3dmyNDv6s=
github.com/chuccp/coke-log v0.0.0-20211229093350-66f576b900de h1:vczb/UYltYUyGw6YLZmBDH2ixlZIDcIG0Sk72XJsW7I=
github.com/chuccp/coke-log v0.0.0-20211229093350-66f576b900de/go.mod h1:vcmaA7lRRZ/bqD8y5B67/2+bsAsBj+Cs7A3dmyNDv6s=
github.com/chuccp/coke-log v0.0.0-20211230034625-ea1aa70b3367 h1:v1jjbrZwmequFQFxy/M/H025//7l+hyWvSgmX3zdbfs=
github.com/chuccp/coke-log v0.0.0-20211230034625-ea1aa70b3367/go.mod h1:vcmaA7lRRZ/bqD8y5B67/2+bsAsBj+Cs7A3dmyNDv6s=
github.com/chuccp/coke-log v0.0.0-20220119044648-3ee68e7726ec h1:f051y1PSdM6JzP2GAKSnRmVJY1+03CY3i35KnHuLcdA=
github.com/chuccp/coke-log v0.0.0-20220119044648-3ee68e7726ec/go.mod h1:SOKrN55EuBWiDKuKwQ7guDueJd52KR4r2uqv8WJD6T0=
github.com/chuccp/queue v0.0.0-20220119040418-7e9f9fc6ab99 h1:+8oqH5g/7cWJ46aSww8flcWNmB3l+X6FiyuPJRnBkpU=
github.com/chuccp/queue v0.0.0-20220119040418-7e9f9fc6ab99/go.mod h1:mIVjEM9+9pKy+dFhSeAo1wMxO2GNrLU46xTOFJmvH60=
github.com/chuccp/queue v0.0.0-20220120162938-42e988ab7223 h1:BOWGhbsRnlrpgrfvWdrA1y1sI0IPDCfsJeFNP303bgM=
github.com/chuccp/queue v0.0.0-20220120162938-42e988ab7223/go.mod h1:mIVjEM9+9pKy+dFhSeAo1wMxO2GNrLU46xTOFJmvH60=
github.com/golang/protobuf v1.5.0/go.mod h1:FsONVRAS9T7sI+LIUmWTfcYkHO4aIWwzhcaSAoJOfIk=
github.com/golang/protobuf v1.5.2 h1:ROPKBNFfQgOUMifHyP+KYbvpjbdoFNs+aK7DXlji0Tw=
github.com/golang/protobuf v1.5.2/go.mod h1:XVQd3VNwM+JqD3oG2Ue2ip4fOMUkwXdXDdiuN0vRsmY=
github.com/google/go-cmp v0.5.5/go.mod h1:v8dTdLbMG2kIc/vJvl+f65V22dbkXbowE6jgT/gNBxE=
github.com/magiconair/properties v1.8.5 h1:b6kJs+EmPFMYGkow9GiUyCyOvIwYetYJ3fSaWak/Gls=
github.com/magiconair/properties v1.8.5/go.mod h1:y3VJvCyxH9uVvJTWEGAELF3aiYNyPKd5NZ3oSwXrF60=
github.com/pquerna/ffjson v0.0.0-20190930134022-aa0246cd15f7 h1:xoIK0ctDddBMnc74udxJYBqlo9Ylnsp1waqjLsnef20=
github.com/pquerna/ffjson v0.0.0-20190930134022-aa0246cd15f7/go.mod h1:YARuvh7BUWHNhzDq2OM5tzR2RiCcN2D7sapiKyCel/M=
golang.org/x/xerrors v0.0.0-20191204190536-9bdfabe68543/go.mod h1:I/5z698sn9Ka8TeJc9MKroUUfqBBauWjQqLJ2OPfmY0=
google.golang.org/protobuf v1.26.0-rc.1/go.mod h1:jlhhOSvTdKEhbULTjvd4ARK9grFBp09yW+WbY/TyQbw=
google.golang.org/protobuf v1.26.0/go.mod h1:9q0QmTI4eRPtz6boOQmLYwt+qCgq0jsYwAQnmE0givc=
google.golang.org/protobuf v1.27.1 h1:SnqbnDw1V7RiZcXPx5MEeqPv2s79L9i7BJUlG/+RurQ=
google.golang.org/protobuf v1.27.1/go.mod h1:9q0QmTI4eRPtz6boOQmLYwt+qCgq0jsYwAQnmE0givc=
